// !$*UTF8*$!
{
	archiveVersion = 1;
	classes = {
	};
	objectVersion = 50;
	objects = {

/* Begin PBXBuildFile section */
		0058B2C02320FE11004BB65A /* Activity.swift in Sources */ = {isa = PBXBuildFile; fileRef = 0058B2BF2320FE11004BB65A /* Activity.swift */; };
		00B20B0E2317B6B1002F5DD6 /* AppDelegate.swift in Sources */ = {isa = PBXBuildFile; fileRef = 00B20B0D2317B6B1002F5DD6 /* AppDelegate.swift */; };
		00B20B102317B6B1002F5DD6 /* ViewController.swift in Sources */ = {isa = PBXBuildFile; fileRef = 00B20B0F2317B6B1002F5DD6 /* ViewController.swift */; };
		00B20B132317B6B1002F5DD6 /* Main.storyboard in Resources */ = {isa = PBXBuildFile; fileRef = 00B20B112317B6B1002F5DD6 /* Main.storyboard */; };
		00B20B152317B6B4002F5DD6 /* Assets.xcassets in Resources */ = {isa = PBXBuildFile; fileRef = 00B20B142317B6B4002F5DD6 /* Assets.xcassets */; };
		00B20B182317B6B4002F5DD6 /* LaunchScreen.storyboard in Resources */ = {isa = PBXBuildFile; fileRef = 00B20B162317B6B4002F5DD6 /* LaunchScreen.storyboard */; };
/* End PBXBuildFile section */

/* Begin PBXFileReference section */
		0058B2BF2320FE11004BB65A /* Activity.swift */ = {isa = PBXFileReference; lastKnownFileType = sourcecode.swift; path = Activity.swift; sourceTree = "<group>"; };
		00B20B0A2317B6B1002F5DD6 /* StatusBarTester.app */ = {isa = PBXFileReference; explicitFileType = wrapper.application; includeInIndex = 0; path = StatusBarTester.app; sourceTree = BUILT_PRODUCTS_DIR; };
		00B20B0D2317B6B1002F5DD6 /* AppDelegate.swift */ = {isa = PBXFileReference; lastKnownFileType = sourcecode.swift; path = AppDelegate.swift; sourceTree = "<group>"; };
		00B20B0F2317B6B1002F5DD6 /* ViewController.swift */ = {isa = PBXFileReference; lastKnownFileType = sourcecode.swift; path = ViewController.swift; sourceTree = "<group>"; };
		00B20B122317B6B1002F5DD6 /* Base */ = {isa = PBXFileReference; lastKnownFileType = file.storyboard; name = Base; path = Base.lproj/Main.storyboard; sourceTree = "<group>"; };
		00B20B142317B6B4002F5DD6 /* Assets.xcassets */ = {isa = PBXFileReference; lastKnownFileType = folder.assetcatalog; path = Assets.xcassets; sourceTree = "<group>"; };
		00B20B172317B6B4002F5DD6 /* Base */ = {isa = PBXFileReference; lastKnownFileType = file.storyboard; name = Base; path = Base.lproj/LaunchScreen.storyboard; sourceTree = "<group>"; };
		00B20B192317B6B4002F5DD6 /* Info.plist */ = {isa = PBXFileReference; lastKnownFileType = text.plist.xml; path = Info.plist; sourceTree = "<group>"; };
/* End PBXFileReference section */

/* Begin PBXFrameworksBuildPhase section */
		00B20B072317B6B1002F5DD6 /* Frameworks */ = {
			isa = PBXFrameworksBuildPhase;
			buildActionMask = 2147483647;
			files = (
			);
			runOnlyForDeploymentPostprocessing = 0;
		};
/* End PBXFrameworksBuildPhase section */

/* Begin PBXGroup section */
		00B20B012317B6B1002F5DD6 = {
			isa = PBXGroup;
			children = (
				00B20B0C2317B6B1002F5DD6 /* StatusBarTester */,
				00B20B0B2317B6B1002F5DD6 /* Products */,
			);
			sourceTree = "<group>";
		};
		00B20B0B2317B6B1002F5DD6 /* Products */ = {
			isa = PBXGroup;
			children = (
				00B20B0A2317B6B1002F5DD6 /* StatusBarTester.app */,
			);
			name = Products;
			sourceTree = "<group>";
		};
		00B20B0C2317B6B1002F5DD6 /* StatusBarTester */ = {
			isa = PBXGroup;
			children = (
				00B20B0D2317B6B1002F5DD6 /* AppDelegate.swift */,
				00B20B0F2317B6B1002F5DD6 /* ViewController.swift */,
				0058B2BF2320FE11004BB65A /* Activity.swift */,
				00B20B112317B6B1002F5DD6 /* Main.storyboard */,
				00B20B142317B6B4002F5DD6 /* Assets.xcassets */,
				00B20B162317B6B4002F5DD6 /* LaunchScreen.storyboard */,
				00B20B192317B6B4002F5DD6 /* Info.plist */,
			);
			path = StatusBarTester;
			sourceTree = "<group>";
		};
/* End PBXGroup section */

/* Begin PBXNativeTarget section */
		00B20B092317B6B1002F5DD6 /* StatusBarTester */ = {
			isa = PBXNativeTarget;
			buildConfigurationList = 00B20B1C2317B6B4002F5DD6 /* Build configuration list for PBXNativeTarget "StatusBarTester" */;
			buildPhases = (
				00B20B062317B6B1002F5DD6 /* Sources */,
				00B20B072317B6B1002F5DD6 /* Frameworks */,
				00B20B082317B6B1002F5DD6 /* Resources */,
			);
			buildRules = (
			);
			dependencies = (
			);
			name = StatusBarTester;
			productName = StatusBarTester;
			productReference = 00B20B0A2317B6B1002F5DD6 /* StatusBarTester.app */;
			productType = "com.apple.product-type.application";
		};
/* End PBXNativeTarget section */

/* Begin PBXProject section */
		00B20B022317B6B1002F5DD6 /* Project object */ = {
			isa = PBXProject;
			attributes = {
				LastSwiftUpdateCheck = 1030;
				LastUpgradeCheck = 1030;
				ORGANIZATIONNAME = "Arthur Hammer";
				TargetAttributes = {
					00B20B092317B6B1002F5DD6 = {
						CreatedOnToolsVersion = 10.3;
					};
				};
			};
			buildConfigurationList = 00B20B052317B6B1002F5DD6 /* Build configuration list for PBXProject "StatusBarTester" */;
			compatibilityVersion = "Xcode 9.3";
			developmentRegion = en;
			hasScannedForEncodings = 0;
			knownRegions = (
				en,
				Base,
			);
			mainGroup = 00B20B012317B6B1002F5DD6;
			productRefGroup = 00B20B0B2317B6B1002F5DD6 /* Products */;
			projectDirPath = "";
			projectRoot = "";
			targets = (
				00B20B092317B6B1002F5DD6 /* StatusBarTester */,
			);
		};
/* End PBXProject section */

/* Begin PBXResourcesBuildPhase section */
		00B20B082317B6B1002F5DD6 /* Resources */ = {
			isa = PBXResourcesBuildPhase;
			buildActionMask = 2147483647;
			files = (
				00B20B182317B6B4002F5DD6 /* LaunchScreen.storyboard in Resources */,
				00B20B152317B6B4002F5DD6 /* Assets.xcassets in Resources */,
				00B20B132317B6B1002F5DD6 /* Main.storyboard in Resources */,
			);
			runOnlyForDeploymentPostprocessing = 0;
		};
/* End PBXResourcesBuildPhase section */

/* Begin PBXSourcesBuildPhase section */
		00B20B062317B6B1002F5DD6 /* Sources */ = {
			isa = PBXSourcesBuildPhase;
			buildActionMask = 2147483647;
			files = (
				0058B2C02320FE11004BB65A /* Activity.swift in Sources */,
				00B20B102317B6B1002F5DD6 /* ViewController.swift in Sources */,
				00B20B0E2317B6B1002F5DD6 /* AppDelegate.swift in Sources */,
			);
			runOnlyForDeploymentPostprocessing = 0;
		};
/* End PBXSourcesBuildPhase section */

/* Begin PBXVariantGroup section */
		00B20B112317B6B1002F5DD6 /* Main.storyboard */ = {
			isa = PBXVariantGroup;
			children = (
				00B20B122317B6B1002F5DD6 /* Base */,
			);
			name = Main.storyboard;
			sourceTree = "<group>";
		};
		00B20B162317B6B4002F5DD6 /* LaunchScreen.storyboard */ = {
			isa = PBXVariantGroup;
			children = (
				00B20B172317B6B4002F5DD6 /* Base */,
			);
			name = LaunchScreen.storyboard;
			sourceTree = "<group>";
		};
/* End PBXVariantGroup section */

/* Begin XCBuildConfiguration section */
		00B20B1A2317B6B4002F5DD6 /* Debug */ = {
			isa = XCBuildConfiguration;
			buildSettings = {
				ALWAYS_SEARCH_USER_PATHS = NO;
				CLANG_ANALYZER_NONNULL = YES;
				CLANG_ANALYZER_NUMBER_OBJECT_CONVERSION = YES_AGGRESSIVE;
				CLANG_CXX_LANGUAGE_STANDARD = "gnu++14";
				CLANG_CXX_LIBRARY = "libc++";
				CLANG_ENABLE_MODULES = YES;
				CLANG_ENABLE_OBJC_ARC = YES;
				CLANG_ENABLE_OBJC_WEAK = YES;
				CLANG_WARN_BLOCK_CAPTURE_AUTORELEASING = YES;
				CLANG_WARN_BOOL_CONVERSION = YES;
				CLANG_WARN_COMMA = YES;
				CLANG_WARN_CONSTANT_CONVERSION = YES;
				CLANG_WARN_DEPRECATED_OBJC_IMPLEMENTATIONS = YES;
				CLANG_WARN_DIRECT_OBJC_ISA_USAGE = YES_ERROR;
				CLANG_WARN_DOCUMENTATION_COMMENTS = YES;
				CLANG_WARN_EMPTY_BODY = YES;
				CLANG_WARN_ENUM_CONVERSION = YES;
				CLANG_WARN_INFINITE_RECURSION = YES;
				CLANG_WARN_INT_CONVERSION = YES;
				CLANG_WARN_NON_LITERAL_NULL_CONVERSION = YES;
				CLANG_WARN_OBJC_IMPLICIT_RETAIN_SELF = YES;
				CLANG_WARN_OBJC_LITERAL_CONVERSION = YES;
				CLANG_WARN_OBJC_ROOT_CLASS = YES_ERROR;
				CLANG_WARN_RANGE_LOOP_ANALYSIS = YES;
				CLANG_WARN_STRICT_PROTOTYPES = YES;
				CLANG_WARN_SUSPICIOUS_MOVE = YES;
				CLANG_WARN_UNGUARDED_AVAILABILITY = YES_AGGRESSIVE;
				CLANG_WARN_UNREACHABLE_CODE = YES;
				CLANG_WARN__DUPLICATE_METHOD_MATCH = YES;
				CODE_SIGN_IDENTITY = "iPhone Developer";
				COPY_PHASE_STRIP = NO;
				DEBUG_INFORMATION_FORMAT = dwarf;
				ENABLE_STRICT_OBJC_MSGSEND = YES;
				ENABLE_TESTABILITY = YES;
				GCC_C_LANGUAGE_STANDARD = gnu11;
				GCC_DYNAMIC_NO_PIC = NO;
				GCC_NO_COMMON_BLOCKS = YES;
				GCC_OPTIMIZATION_LEVEL = 0;
				GCC_PREPROCESSOR_DEFINITIONS = (
					"DEBUG=1",
					"$(inherited)",
				);
				GCC_WARN_64_TO_32_BIT_CONVERSION = YES;
				GCC_WARN_ABOUT_RETURN_TYPE = YES_ERROR;
				GCC_WARN_UNDECLARED_SELECTOR = YES;
				GCC_WARN_UNINITIALIZED_AUTOS = YES_AGGRESSIVE;
				GCC_WARN_UNUSED_FUNCTION = YES;
				GCC_WARN_UNUSED_VARIABLE = YES;
				IPHONEOS_DEPLOYMENT_TARGET = 12.4;
				MTL_ENABLE_DEBUG_INFO = INCLUDE_SOURCE;
				MTL_FAST_MATH = YES;
				ONLY_ACTIVE_ARCH = YES;
				SDKROOT = iphoneos;
				SWIFT_ACTIVE_COMPILATION_CONDITIONS = DEBUG;
				SWIFT_OPTIMIZATION_LEVEL = "-Onone";
			};
			name = Debug;
		};
		00B20B1B2317B6B4002F5DD6 /* Release */ = {
			isa = XCBuildConfiguration;
			buildSettings = {
				ALWAYS_SEARCH_USER_PATHS = NO;
				CLANG_ANALYZER_NONNULL = YES;
				CLANG_ANALYZER_NUMBER_OBJECT_CONVERSION = YES_AGGRESSIVE;
				CLANG_CXX_LANGUAGE_STANDARD = "gnu++14";
				CLANG_CXX_LIBRARY = "libc++";
				CLANG_ENABLE_MODULES = YES;
				CLANG_ENABLE_OBJC_ARC = YES;
				CLANG_ENABLE_OBJC_WEAK = YES;
				CLANG_WARN_BLOCK_CAPTURE_AUTORELEASING = YES;
				CLANG_WARN_BOOL_CONVERSION = YES;
				CLANG_WARN_COMMA = YES;
				CLANG_WARN_CONSTANT_CONVERSION = YES;
				CLANG_WARN_DEPRECATED_OBJC_IMPLEMENTATIONS = YES;
				CLANG_WARN_DIRECT_OBJC_ISA_USAGE = YES_ERROR;
				CLANG_WARN_DOCUMENTATION_COMMENTS = YES;
				CLANG_WARN_EMPTY_BODY = YES;
				CLANG_WARN_ENUM_CONVERSION = YES;
				CLANG_WARN_INFINITE_RECURSION = YES;
				CLANG_WARN_INT_CONVERSION = YES;
				CLANG_WARN_NON_LITERAL_NULL_CONVERSION = YES;
				CLANG_WARN_OBJC_IMPLICIT_RETAIN_SELF = YES;
				CLANG_WARN_OBJC_LITERAL_CONVERSION = YES;
				CLANG_WARN_OBJC_ROOT_CLASS = YES_ERROR;
				CLANG_WARN_RANGE_LOOP_ANALYSIS = YES;
				CLANG_WARN_STRICT_PROTOTYPES = YES;
				CLANG_WARN_SUSPICIOUS_MOVE = YES;
				CLANG_WARN_UNGUARDED_AVAILABILITY = YES_AGGRESSIVE;
				CLANG_WARN_UNREACHABLE_CODE = YES;
				CLANG_WARN__DUPLICATE_METHOD_MATCH = YES;
				CODE_SIGN_IDENTITY = "iPhone Developer";
				COPY_PHASE_STRIP = NO;
				DEBUG_INFORMATION_FORMAT = "dwarf-with-dsym";
				ENABLE_NS_ASSERTIONS = NO;
				ENABLE_STRICT_OBJC_MSGSEND = YES;
				GCC_C_LANGUAGE_STANDARD = gnu11;
				GCC_NO_COMMON_BLOCKS = YES;
				GCC_WARN_64_TO_32_BIT_CONVERSION = YES;
				GCC_WARN_ABOUT_RETURN_TYPE = YES_ERROR;
				GCC_WARN_UNDECLARED_SELECTOR = YES;
				GCC_WARN_UNINITIALIZED_AUTOS = YES_AGGRESSIVE;
				GCC_WARN_UNUSED_FUNCTION = YES;
				GCC_WARN_UNUSED_VARIABLE = YES;
				IPHONEOS_DEPLOYMENT_TARGET = 12.4;
				MTL_ENABLE_DEBUG_INFO = NO;
				MTL_FAST_MATH = YES;
				SDKROOT = iphoneos;
				SWIFT_COMPILATION_MODE = wholemodule;
				SWIFT_OPTIMIZATION_LEVEL = "-O";
				VALIDATE_PRODUCT = YES;
			};
			name = Release;
		};
		00B20B1D2317B6B4002F5DD6 /* Debug */ = {
			isa = XCBuildConfiguration;
			buildSettings = {
				ASSETCATALOG_COMPILER_APPICON_NAME = AppIcon;
				CODE_SIGN_STYLE = Automatic;
				DEVELOPMENT_TEAM = PY49CKQ6VF;
				INFOPLIST_FILE = StatusBarTester/Info.plist;
				IPHONEOS_DEPLOYMENT_TARGET = 12.3;
				LD_RUNPATH_SEARCH_PATHS = (
					"$(inherited)",
					"@executable_path/Frameworks",
				);
				PRODUCT_BUNDLE_IDENTIFIER = de.arthurhammer.StatusBarTester;
				PRODUCT_NAME = "$(TARGET_NAME)";
				SWIFT_VERSION = 5.0;
				TARGETED_DEVICE_FAMILY = "1,2";
			};
			name = Debug;
		};
		00B20B1E2317B6B4002F5DD6 /* Release */ = {
			isa = XCBuildConfiguration;
			buildSettings = {
				ASSETCATALOG_COMPILER_APPICON_NAME = AppIcon;
				CODE_SIGN_STYLE = Automatic;
				DEVELOPMENT_TEAM = PY49CKQ6VF;
				INFOPLIST_FILE = StatusBarTester/Info.plist;
				IPHONEOS_DEPLOYMENT_TARGET = 12.3;
				LD_RUNPATH_SEARCH_PATHS = (
					"$(inherited)",
					"@executable_path/Frameworks",
				);
				PRODUCT_BUNDLE_IDENTIFIER = de.arthurhammer.StatusBarTester;
				PRODUCT_NAME = "$(TARGET_NAME)";
				SWIFT_VERSION = 5.0;
				TARGETED_DEVICE_FAMILY = "1,2";
			};
			name = Release;
		};
/* End XCBuildConfiguration section */

/* Begin XCConfigurationList section */
		00B20B052317B6B1002F5DD6 /* Build configuration list for PBXProject "StatusBarTester" */ = {
			isa = XCConfigurationList;
			buildConfigurations = (
				00B20B1A2317B6B4002F5DD6 /* Debug */,
				00B20B1B2317B6B4002F5DD6 /* Release */,
			);
			defaultConfigurationIsVisible = 0;
			defaultConfigurationName = Release;
		};
		00B20B1C2317B6B4002F5DD6 /* Build configuration list for PBXNativeTarget "StatusBarTester" */ = {
			isa = XCConfigurationList;
			buildConfigurations = (
				00B20B1D2317B6B4002F5DD6 /* Debug */,
				00B20B1E2317B6B4002F5DD6 /* Release */,
			);
			defaultConfigurationIsVisible = 0;
			defaultConfigurationName = Release;
		};
/* End XCConfigurationList section */
	};
	rootObject = 00B20B022317B6B1002F5DD6 /* Project object */;
}
